
Microsoft Visual Studio Solution File, Format Version 12.00
# Visual Studio Version 17
VisualStudioVersion = 17.0.31903.59
MinimumVisualStudioVersion = 10.0.40219.1
Project("{2150E333-8FDC-42A3-9474-1A3956D46DE8}") = "src", "src", "{ACFD1990-3FF9-41FA-A3E7-ED5D820F1005}"
EndProject
Project("{FAE04EC0-301F-11D3-BF4B-00C04F79EFBC}") = "SpaceStation.Core", "src\SpaceStation.Core\SpaceStation.Core.csproj", "{663438A9-8F74-4491-923E-1F01D13034FE}"
EndProject
Project("{FAE04EC0-301F-11D3-BF4B-00C04F79EFBC}") = "SpaceStation.Shared", "src\SpaceStation.Shared\SpaceStation.Shared.csproj", "{1E767569-7BE2-49CE-9D4A-01F1F961CFC2}"
EndProject
Project("{FAE04EC0-301F-11D3-BF4B-00C04F79EFBC}") = "SpaceStation.Content", "src\SpaceStation.Content\SpaceStation.Content.csproj", "{9D9CC90C-ABA8-47B4-8816-43435452D3F2}"
EndProject
Project("{FAE04EC0-301F-11D3-BF4B-00C04F79EFBC}") = "SpaceStation.Server", "src\SpaceStation.Server\SpaceStation.Server.csproj", "{FAFFF692-9CA6-45FE-BEC2-D5DF3839FB13}"
EndProject
Project("{FAE04EC0-301F-11D3-BF4B-00C04F79EFBC}") = "SpaceStation.Client", "src\SpaceStation.Client\SpaceStation.Client.csproj", "{299449CF-9F0D-4F66-BF46-7219071EE569}"
EndProject
Project("{FAE04EC0-301F-11D3-BF4B-00C04F79EFBC}") = "SpaceStation.Tests", "src\SpaceStation.Tests\SpaceStation.Tests.csproj", "{22008957-FD41-4D1D-A462-B281BAA9ABC2}"
EndProject
Global
	GlobalSection(SolutionConfigurationPlatforms) = preSolution
		Debug|Any CPU = Debug|Any CPU
		Release|Any CPU = Release|Any CPU
	EndGlobalSection
	GlobalSection(SolutionProperties) = preSolution
		HideSolutionNode = FALSE
	EndGlobalSection
	GlobalSection(ProjectConfigurationPlatforms) = postSolution
		{663438A9-8F74-4491-923E-1F01D13034FE}.Debug|Any CPU.ActiveCfg = Debug|Any CPU
		{663438A9-8F74-4491-923E-1F01D13034FE}.Debug|Any CPU.Build.0 = Debug|Any CPU
		{663438A9-8F74-4491-923E-1F01D13034FE}.Release|Any CPU.ActiveCfg = Release|Any CPU
		{663438A9-8F74-4491-923E-1F01D13034FE}.Release|Any CPU.Build.0 = Release|Any CPU
		{1E767569-7BE2-49CE-9D4A-01F1F961CFC2}.Debug|Any CPU.ActiveCfg = Debug|Any CPU
		{1E767569-7BE2-49CE-9D4A-01F1F961CFC2}.Debug|Any CPU.Build.0 = Debug|Any CPU
		{1E767569-7BE2-49CE-9D4A-01F1F961CFC2}.Release|Any CPU.ActiveCfg = Release|Any CPU
		{1E767569-7BE2-49CE-9D4A-01F1F961CFC2}.Release|Any CPU.Build.0 = Release|Any CPU
		{9D9CC90C-ABA8-47B4-8816-43435452D3F2}.Debug|Any CPU.ActiveCfg = Debug|Any CPU
		{9D9CC90C-ABA8-47B4-8816-43435452D3F2}.Debug|Any CPU.Build.0 = Debug|Any CPU
		{9D9CC90C-ABA8-47B4-8816-43435452D3F2}.Release|Any CPU.ActiveCfg = Release|Any CPU
		{9D9CC90C-ABA8-47B4-8816-43435452D3F2}.Release|Any CPU.Build.0 = Release|Any CPU
		{FAFFF692-9CA6-45FE-BEC2-D5DF3839FB13}.Debug|Any CPU.ActiveCfg = Debug|Any CPU
		{FAFFF692-9CA6-45FE-BEC2-D5DF3839FB13}.Debug|Any CPU.Build.0 = Debug|Any CPU
		{FAFFF692-9CA6-45FE-BEC2-D5DF3839FB13}.Release|Any CPU.ActiveCfg = Release|Any CPU
		{FAFFF692-9CA6-45FE-BEC2-D5DF3839FB13}.Release|Any CPU.Build.0 = Release|Any CPU
		{299449CF-9F0D-4F66-BF46-7219071EE569}.Debug|Any CPU.ActiveCfg = Debug|Any CPU
		{299449CF-9F0D-4F66-BF46-7219071EE569}.Debug|Any CPU.Build.0 = Debug|Any CPU
		{299449CF-9F0D-4F66-BF46-7219071EE569}.Release|Any CPU.ActiveCfg = Release|Any CPU
		{299449CF-9F0D-4F66-BF46-7219071EE569}.Release|Any CPU.Build.0 = Release|Any CPU
		{22008957-FD41-4D1D-A462-B281BAA9ABC2}.Debug|Any CPU.ActiveCfg = Debug|Any CPU
		{22008957-FD41-4D1D-A462-B281BAA9ABC2}.Debug|Any CPU.Build.0 = Debug|Any CPU
		{22008957-FD41-4D1D-A462-B281BAA9ABC2}.Release|Any CPU.ActiveCfg = Release|Any CPU
		{22008957-FD41-4D1D-A462-B281BAA9ABC2}.Release|Any CPU.Build.0 = Release|Any CPU
	EndGlobalSection
	GlobalSection(NestedProjects) = preSolution
		{663438A9-8F74-4491-923E-1F01D13034FE} = {ACFD1990-3FF9-41FA-A3E7-ED5D820F1005}
		{1E767569-7BE2-49CE-9D4A-01F1F961CFC2} = {ACFD1990-3FF9-41FA-A3E7-ED5D820F1005}
		{9D9CC90C-ABA8-47B4-8816-43435452D3F2} = {ACFD1990-3FF9-41FA-A3E7-ED5D820F1005}
		{FAFFF692-9CA6-45FE-BEC2-D5DF3839FB13} = {ACFD1990-3FF9-41FA-A3E7-ED5D820F1005}
		{299449CF-9F0D-4F66-BF46-7219071EE569} = {ACFD1990-3FF9-41FA-A3E7-ED5D820F1005}
		{22008957-FD41-4D1D-A462-B281BAA9ABC2} = {ACFD1990-3FF9-41FA-A3E7-ED5D820F1005}
	EndGlobalSection
EndGlobal
